PODS:
  - ECExtension (0.2.2)
  - ECUIControls (0.1.2):
    - ECExtension

DEPENDENCIES:
  - ECExtension
  - ECUIControls (from `../`)

EXTERNAL SOURCES:
  ECUIControls:
    :path: ../

SPEC CHECKSUMS:
  ECExtension: 99eb40879e87e0bb1bec382291b87e6deeaffb6c
  ECUIControls: 5886005bc5d0f86f3174e2dff9c3d8b0646e496e

COCOAPODS: 0.38.2
