PODS:
  - ECExtension (0.1.6)
  - ECUIControls (0.1.0):
    - ECExtension

DEPENDENCIES:
  - ECExtension
  - ECUIControls (from `../`)

EXTERNAL SOURCES:
  ECUIControls:
    :path: ../

SPEC CHECKSUMS:
  ECExtension: 80d13eb68b7722859ad1fc397e3fcba57aca1cee
  ECUIControls: 2221cf071bbc223f84a7dc98fd1d708085117e78

COCOAPODS: 0.38.2
